Microsoft Visual Studio Solution File, Format Version 12.00
# Visual Studio Version 17
VisualStudioVersion = 17.5.2.0
MinimumVisualStudioVersion = 10.0.40219.1
Project("{2150E333-8FDC-42A3-9474-1A3956D46DE8}") = "larana", "larana", "{AC0F41C6-DB9B-10EF-794D-AC6C763DDFAA}"
EndProject
Project("{FAE04EC0-301F-11D3-BF4B-00C04F79EFBC}") = "OpticalStore.WebApplication", "larana\OpticalStore.WebApplication.csproj", "{3C024032-3D18-88C0-8418-02CCC702101B}"
EndProject
Global
	GlobalSection(SolutionConfigurationPlatforms) = preSolution
		Debug|Any CPU = Debug|Any CPU
		Release|Any CPU = Release|Any CPU
	EndGlobalSection
	GlobalSection(ProjectConfigurationPlatforms) = postSolution
		{3C024032-3D18-88C0-8418-02CCC702101B}.Debug|Any CPU.ActiveCfg = Debug|Any CPU
		{3C024032-3D18-88C0-8418-02CCC702101B}.Debug|Any CPU.Build.0 = Debug|Any CPU
		{3C024032-3D18-88C0-8418-02CCC702101B}.Release|Any CPU.ActiveCfg = Release|Any CPU
		{3C024032-3D18-88C0-8418-02CCC702101B}.Release|Any CPU.Build.0 = Release|Any CPU
	EndGlobalSection
	GlobalSection(SolutionProperties) = preSolution
		HideSolutionNode = FALSE
	EndGlobalSection
	GlobalSection(NestedProjects) = preSolution
		{3C024032-3D18-88C0-8418-02CCC702101B} = {AC0F41C6-DB9B-10EF-794D-AC6C763DDFAA}
	EndGlobalSection
	GlobalSection(ExtensibilityGlobals) = postSolution
		SolutionGuid = {19B4F851-0467-42FB-B7FC-AB15422DA064}
	EndGlobalSection
EndGlobal
